
Microsoft Visual Studio Solution File, Format Version 12.00
# Visual Studio Version 17
VisualStudioVersion = 17.7.34009.444
MinimumVisualStudioVersion = 10.0.40219.1
Project("{FAE04EC0-301F-11D3-BF4B-00C04F79EFBC}") = "TheUniqueElementsOfTheArray", "TheUniqueElementsOfTheArray.csproj", "{8DBE9955-7DA3-4D72-A5CD-9CA1B893ED50}"
EndProject
Global
	GlobalSection(SolutionConfigurationPlatforms) = preSolution
		Debug|Any CPU = Debug|Any CPU
		Release|Any CPU = Release|Any CPU
	EndGlobalSection
	GlobalSection(ProjectConfigurationPlatforms) = postSolution
		{8DBE9955-7DA3-4D72-A5CD-9CA1B893ED50}.Debug|Any CPU.ActiveCfg = Debug|Any CPU
		{8DBE9955-7DA3-4D72-A5CD-9CA1B893ED50}.Debug|Any CPU.Build.0 = Debug|Any CPU
		{8DBE9955-7DA3-4D72-A5CD-9CA1B893ED50}.Release|Any CPU.ActiveCfg = Release|Any CPU
		{8DBE9955-7DA3-4D72-A5CD-9CA1B893ED50}.Release|Any CPU.Build.0 = Release|Any CPU
	EndGlobalSection
	GlobalSection(SolutionProperties) = preSolution
		HideSolutionNode = FALSE
	EndGlobalSection
	GlobalSection(ExtensibilityGlobals) = postSolution
		SolutionGuid = {04D60406-901C-4AD5-B197-A0F17B39E84B}
	EndGlobalSection
EndGlobal
